
Microsoft Visual Studio Solution File, Format Version 12.00
# Visual Studio Version 16
VisualStudioVersion = 16.0.30907.101
MinimumVisualStudioVersion = 10.0.40219.1
Project("{FAE04EC0-301F-11D3-BF4B-00C04F79EFBC}") = "PlatformService", "PlatformService\PlatformService.csproj", "{C6A6343A-D1AA-4CE4-AE03-F4D18FFC387C}"
EndProject
Global
	GlobalSection(SolutionConfigurationPlatforms) = preSolution
		Debug|Any CPU = Debug|Any CPU
		Release|Any CPU = Release|Any CPU
	EndGlobalSection
	GlobalSection(ProjectConfigurationPlatforms) = postSolution
		{C6A6343A-D1AA-4CE4-AE03-F4D18FFC387C}.Debug|Any CPU.ActiveCfg = Debug|Any CPU
		{C6A6343A-D1AA-4CE4-AE03-F4D18FFC387C}.Debug|Any CPU.Build.0 = Debug|Any CPU
		{C6A6343A-D1AA-4CE4-AE03-F4D18FFC387C}.Release|Any CPU.ActiveCfg = Release|Any CPU
		{C6A6343A-D1AA-4CE4-AE03-F4D18FFC387C}.Release|Any CPU.Build.0 = Release|Any CPU
	EndGlobalSection
	GlobalSection(SolutionProperties) = preSolution
		HideSolutionNode = FALSE
	EndGlobalSection
	GlobalSection(ExtensibilityGlobals) = postSolution
		SolutionGuid = {35C5C01E-DE36-4FDB-8E30-947B663560FF}
	EndGlobalSection
EndGlobal
